// !$*UTF8*$!
{
	archiveVersion = 1;
	classes = {
	};
	objectVersion = 77;
	objects = {

/* Begin PBXBuildFile section */
		B7479E382DD2B034000BC625 /* Rock_TracksApp.swift in Sources */ = {isa = PBXBuildFile; fileRef = B7479E242DD2B034000BC625 /* Rock_TracksApp.swift */; };
/* End PBXBuildFile section */

/* Begin PBXContainerItemProxy section */
		B7AA01AA2DD0DD930060908C /* PBXContainerItemProxy */ = {
			isa = PBXContainerItemProxy;
			containerPortal = B7AA01912DD0DD910060908C /* Project object */;
			proxyType = 1;
			remoteGlobalIDString = B7AA01982DD0DD910060908C;
			remoteInfo = "Rock Tracks";
		};
		B7AA01B42DD0DD930060908C /* PBXContainerItemProxy */ = {
			isa = PBXContainerItemProxy;
			containerPortal = B7AA01912DD0DD910060908C /* Project object */;
			proxyType = 1;
			remoteGlobalIDString = B7AA01982DD0DD910060908C;
			remoteInfo = "Rock Tracks";
		};
/* End PBXContainerItemProxy section */

/* Begin PBXFileReference section */
		B7479E242DD2B034000BC625 /* Rock_TracksApp.swift */ = {isa = PBXFileReference; lastKnownFileType = sourcecode.swift; path = Rock_TracksApp.swift; sourceTree = "<group>"; };
		B7AA01992DD0DD910060908C /* Rock Tracks.app */ = {isa = PBXFileReference; explicitFileType = wrapper.application; includeInIndex = 0; path = "Rock Tracks.app"; sourceTree = BUILT_PRODUCTS_DIR; };
		B7AA01A92DD0DD930060908C /* Rock TracksTests.xctest */ = {isa = PBXFileReference; explicitFileType = wrapper.cfbundle; includeInIndex = 0; path = "Rock TracksTests.xctest"; sourceTree = BUILT_PRODUCTS_DIR; };
		B7AA01B32DD0DD930060908C /* Rock TracksUITests.xctest */ = {isa = PBXFileReference; explicitFileType = wrapper.cfbundle; includeInIndex = 0; path = "Rock TracksUITests.xctest"; sourceTree = BUILT_PRODUCTS_DIR; };
/* End PBXFileReference section */

/* Begin PBXFileSystemSynchronizedRootGroup section */
		B7AA019B2DD0DD910060908C /* Rock Tracks */ = {
			isa = PBXFileSystemSynchronizedRootGroup;
			path = "Rock Tracks";
			sourceTree = "<group>";
		};
		B7AA01AC2DD0DD930060908C /* Rock TracksTests */ = {
			isa = PBXFileSystemSynchronizedRootGroup;
			path = "Rock TracksTests";
			sourceTree = "<group>";
		};
		B7AA01B62DD0DD930060908C /* Rock TracksUITests */ = {
			isa = PBXFileSystemSynchronizedRootGroup;
			path = "Rock TracksUITests";
			sourceTree = "<group>";
		};
/* End PBXFileSystemSynchronizedRootGroup section */

/* Begin PBXFrameworksBuildPhase section */
		B7AA01962DD0DD910060908C /* Frameworks */ = {
			isa = PBXFrameworksBuildPhase;
			buildActionMask = 2147483647;
			files = (
			);
			runOnlyForDeploymentPostprocessing = 0;
		};
		B7AA01A62DD0DD930060908C /* Frameworks */ = {
			isa = PBXFrameworksBuildPhase;
			buildActionMask = 2147483647;
			files = (
			);
			runOnlyForDeploymentPostprocessing = 0;
		};
		B7AA01B02DD0DD930060908C /* Frameworks */ = {
			isa = PBXFrameworksBuildPhase;
			buildActionMask = 2147483647;
			files = (
			);
			runOnlyForDeploymentPostprocessing = 0;
		};
/* End PBXFrameworksBuildPhase section */

/* Begin PBXGroup section */
		B7AA01902DD0DD910060908C = {
			isa = PBXGroup;
			children = (
				B7AA019B2DD0DD910060908C /* Rock Tracks */,
				B7479E242DD2B034000BC625 /* Rock_TracksApp.swift */,
				B7AA01AC2DD0DD930060908C /* Rock TracksTests */,
				B7AA01B62DD0DD930060908C /* Rock TracksUITests */,
				B7AA019A2DD0DD910060908C /* Products */,
			);
			sourceTree = "<group>";
		};
		B7AA019A2DD0DD910060908C /* Products */ = {
			isa = PBXGroup;
			children = (
				B7AA01992DD0DD910060908C /* Rock Tracks.app */,
				B7AA01A92DD0DD930060908C /* Rock TracksTests.xctest */,
				B7AA01B32DD0DD930060908C /* Rock TracksUITests.xctest */,
			);
			name = Products;
			sourceTree = "<group>";
		};
/* End PBXGroup section */

/* Begin PBXNativeTarget section */
		B7AA01982DD0DD910060908C /* Rock Tracks */ = {
			isa = PBXNativeTarget;
			buildConfigurationList = B7AA01BD2DD0DD930060908C /* Build configuration list for PBXNativeTarget "Rock Tracks" */;
			buildPhases = (
				B7AA01952DD0DD910060908C /* Sources */,
				B7AA01962DD0DD910060908C /* Frameworks */,
				B7AA01972DD0DD910060908C /* Resources */,
			);
			buildRules = (
			);
			dependencies = (
			);
			fileSystemSynchronizedGroups = (
				B7AA019B2DD0DD910060908C /* Rock Tracks */,
			);
			name = "Rock Tracks";
			packageProductDependencies = (
			);
			productName = "Rock Tracks";
			productReference = B7AA01992DD0DD910060908C /* Rock Tracks.app */;
			productType = "com.apple.product-type.application";
		};
		B7AA01A82DD0DD930060908C /* Rock TracksTests */ = {
			isa = PBXNativeTarget;
			buildConfigurationList = B7AA01C02DD0DD930060908C /* Build configuration list for PBXNativeTarget "Rock TracksTests" */;
			buildPhases = (
				B7AA01A52DD0DD930060908C /* Sources */,
				B7AA01A62DD0DD930060908C /* Frameworks */,
				B7AA01A72DD0DD930060908C /* Resources */,
			);
			buildRules = (
			);
			dependencies = (
				B7AA01AB2DD0DD930060908C /* PBXTargetDependency */,
			);
			fileSystemSynchronizedGroups = (
				B7AA01AC2DD0DD930060908C /* Rock TracksTests */,
			);
			name = "Rock TracksTests";
			packageProductDependencies = (
			);
			productName = "Rock TracksTests";
			productReference = B7AA01A92DD0DD930060908C /* Rock TracksTests.xctest */;
			productType = "com.apple.product-type.bundle.unit-test";
		};
		B7AA01B22DD0DD930060908C /* Rock TracksUITests */ = {
			isa = PBXNativeTarget;
			buildConfigurationList = B7AA01C32DD0DD930060908C /* Build configuration list for PBXNativeTarget "Rock TracksUITests" */;
			buildPhases = (
				B7AA01AF2DD0DD930060908C /* Sources */,
				B7AA01B02DD0DD930060908C /* Frameworks */,
				B7AA01B12DD0DD930060908C /* Resources */,
			);
			buildRules = (
			);
			dependencies = (
				B7AA01B52DD0DD930060908C /* PBXTargetDependency */,
			);
			fileSystemSynchronizedGroups = (
				B7AA01B62DD0DD930060908C /* Rock TracksUITests */,
			);
			name = "Rock TracksUITests";
			packageProductDependencies = (
			);
			productName = "Rock TracksUITests";
			productReference = B7AA01B32DD0DD930060908C /* Rock TracksUITests.xctest */;
			productType = "com.apple.product-type.bundle.ui-testing";
		};
/* End PBXNativeTarget section */

/* Begin PBXProject section */
		B7AA01912DD0DD910060908C /* Project object */ = {
			isa = PBXProject;
			attributes = {
				BuildIndependentTargetsInParallel = 1;
				LastSwiftUpdateCheck = 1620;
				LastUpgradeCheck = 1620;
				TargetAttributes = {
					B7AA01982DD0DD910060908C = {
						CreatedOnToolsVersion = 16.2;
					};
					B7AA01A82DD0DD930060908C = {
						CreatedOnToolsVersion = 16.2;
						TestTargetID = B7AA01982DD0DD910060908C;
					};
					B7AA01B22DD0DD930060908C = {
						CreatedOnToolsVersion = 16.2;
						TestTargetID = B7AA01982DD0DD910060908C;
					};
				};
			};
			buildConfigurationList = B7AA01942DD0DD910060908C /* Build configuration list for PBXProject "Rock Tracks" */;
			developmentRegion = en;
			hasScannedForEncodings = 0;
			knownRegions = (
				en,
				Base,
			);
			mainGroup = B7AA01902DD0DD910060908C;
			minimizedProjectReferenceProxies = 1;
			preferredProjectObjectVersion = 77;
			productRefGroup = B7AA019A2DD0DD910060908C /* Products */;
			projectDirPath = "";
			projectRoot = "";
			targets = (
				B7AA01982DD0DD910060908C /* Rock Tracks */,
				B7AA01A82DD0DD930060908C /* Rock TracksTests */,
				B7AA01B22DD0DD930060908C /* Rock TracksUITests */,
			);
		};
/* End PBXProject section */

/* Begin PBXResourcesBuildPhase section */
		B7AA01972DD0DD910060908C /* Resources */ = {
			isa = PBXResourcesBuildPhase;
			buildActionMask = 2147483647;
			files = (
			);
			runOnlyForDeploymentPostprocessing = 0;
		};
		B7AA01A72DD0DD930060908C /* Resources */ = {
			isa = PBXResourcesBuildPhase;
			buildActionMask = 2147483647;
			files = (
			);
			runOnlyForDeploymentPostprocessing = 0;
		};
		B7AA01B12DD0DD930060908C /* Resources */ = {
			isa = PBXResourcesBuildPhase;
			buildActionMask = 2147483647;
			files = (
			);
			runOnlyForDeploymentPostprocessing = 0;
		};
/* End PBXResourcesBuildPhase section */

/* Begin PBXSourcesBuildPhase section */
		B7AA01952DD0DD910060908C /* Sources */ = {
			isa = PBXSourcesBuildPhase;
			buildActionMask = 2147483647;
			files = (
				B7479E382DD2B034000BC625 /* Rock_TracksApp.swift in Sources */,
			);
			runOnlyForDeploymentPostprocessing = 0;
		};
		B7AA01A52DD0DD930060908C /* Sources */ = {
			isa = PBXSourcesBuildPhase;
			buildActionMask = 2147483647;
			files = (
			);
			runOnlyForDeploymentPostprocessing = 0;
		};
		B7AA01AF2DD0DD930060908C /* Sources */ = {
			isa = PBXSourcesBuildPhase;
			buildActionMask = 2147483647;
			files = (
			);
			runOnlyForDeploymentPostprocessing = 0;
		};
/* End PBXSourcesBuildPhase section */

/* Begin PBXTargetDependency section */
		B7AA01AB2DD0DD930060908C /* PBXTargetDependency */ = {
			isa = PBXTargetDependency;
			target = B7AA01982DD0DD910060908C /* Rock Tracks */;
			targetProxy = B7AA01AA2DD0DD930060908C /* PBXContainerItemProxy */;
		};
		B7AA01B52DD0DD930060908C /* PBXTargetDependency */ = {
			isa = PBXTargetDependency;
			target = B7AA01982DD0DD910060908C /* Rock Tracks */;
			targetProxy = B7AA01B42DD0DD930060908C /* PBXContainerItemProxy */;
		};
/* End PBXTargetDependency section */

/* Begin XCBuildConfiguration section */
		B7AA01BB2DD0DD930060908C /* Debug */ = {
			isa = XCBuildConfiguration;
			buildSettings = {
				ALWAYS_SEARCH_USER_PATHS = NO;
				ASSETCATALOG_COMPILER_GENERATE_SWIFT_ASSET_SYMBOL_EXTENSIONS = YES;
				CLANG_ANALYZER_NONNULL = YES;
				CLANG_ANALYZER_NUMBER_OBJECT_CONVERSION = YES_AGGRESSIVE;
				CLANG_CXX_LANGUAGE_STANDARD = "gnu++20";
				CLANG_ENABLE_MODULES = YES;
				CLANG_ENABLE_OBJC_ARC = YES;
				CLANG_ENABLE_OBJC_WEAK = YES;
				CLANG_WARN_BLOCK_CAPTURE_AUTORELEASING = YES;
				CLANG_WARN_BOOL_CONVERSION = YES;
				CLANG_WARN_COMMA = YES;
				CLANG_WARN_CONSTANT_CONVERSION = YES;
				CLANG_WARN_DEPRECATED_OBJC_IMPLEMENTATIONS = YES;
				CLANG_WARN_DIRECT_OBJC_ISA_USAGE = YES_ERROR;
				CLANG_WARN_DOCUMENTATION_COMMENTS = YES;
				CLANG_WARN_EMPTY_BODY = YES;
				CLANG_WARN_ENUM_CONVERSION = YES;
				CLANG_WARN_INFINITE_RECURSION = YES;
				CLANG_WARN_INT_CONVERSION = YES;
				CLANG_WARN_NON_LITERAL_NULL_CONVERSION = YES;
				CLANG_WARN_OBJC_IMPLICIT_RETAIN_SELF = YES;
				CLANG_WARN_OBJC_LITERAL_CONVERSION = YES;
				CLANG_WARN_OBJC_ROOT_CLASS = YES_ERROR;
				CLANG_WARN_QUOTED_INCLUDE_IN_FRAMEWORK_HEADER = YES;
				CLANG_WARN_RANGE_LOOP_ANALYSIS = YES;
				CLANG_WARN_STRICT_PROTOTYPES = YES;
				CLANG_WARN_SUSPICIOUS_MOVE = YES;
				CLANG_WARN_UNGUARDED_AVAILABILITY = YES_AGGRESSIVE;
				CLANG_WARN_UNREACHABLE_CODE = YES;
				CLANG_WARN__DUPLICATE_METHOD_MATCH = YES;
				COPY_PHASE_STRIP = NO;
				DEBUG_INFORMATION_FORMAT = dwarf;
				ENABLE_STRICT_OBJC_MSGSEND = YES;
				ENABLE_TESTABILITY = YES;
				ENABLE_USER_SCRIPT_SANDBOXING = YES;
				GCC_C_LANGUAGE_STANDARD = gnu17;
				GCC_DYNAMIC_NO_PIC = NO;
				GCC_NO_COMMON_BLOCKS = YES;
				GCC_OPTIMIZATION_LEVEL = 0;
				GCC_PREPROCESSOR_DEFINITIONS = (
					"DEBUG=1",
					"$(inherited)",
				);
				GCC_WARN_64_TO_32_BIT_CONVERSION = YES;
				GCC_WARN_ABOUT_RETURN_TYPE = YES_ERROR;
				GCC_WARN_UNDECLARED_SELECTOR = YES;
				GCC_WARN_UNINITIALIZED_AUTOS = YES_AGGRESSIVE;
				GCC_WARN_UNUSED_FUNCTION = YES;
				GCC_WARN_UNUSED_VARIABLE = YES;
				IPHONEOS_DEPLOYMENT_TARGET = 18.2;
				LOCALIZATION_PREFERS_STRING_CATALOGS = YES;
				MTL_ENABLE_DEBUG_INFO = INCLUDE_SOURCE;
				MTL_FAST_MATH = YES;
				ONLY_ACTIVE_ARCH = YES;
				SDKROOT = iphoneos;
				SWIFT_ACTIVE_COMPILATION_CONDITIONS = "DEBUG $(inherited)";
				SWIFT_OPTIMIZATION_LEVEL = "-Onone";
			};
			name = Debug;
		};
		B7AA01BC2DD0DD930060908C /* Release */ = {
			isa = XCBuildConfiguration;
			buildSettings = {
				ALWAYS_SEARCH_USER_PATHS = NO;
				ASSETCATALOG_COMPILER_GENERATE_SWIFT_ASSET_SYMBOL_EXTENSIONS = YES;
				CLANG_ANALYZER_NONNULL = YES;
				CLANG_ANALYZER_NUMBER_OBJECT_CONVERSION = YES_AGGRESSIVE;
				CLANG_CXX_LANGUAGE_STANDARD = "gnu++20";
				CLANG_ENABLE_MODULES = YES;
				CLANG_ENABLE_OBJC_ARC = YES;
				CLANG_ENABLE_OBJC_WEAK = YES;
				CLANG_WARN_BLOCK_CAPTURE_AUTORELEASING = YES;
				CLANG_WARN_BOOL_CONVERSION = YES;
				CLANG_WARN_COMMA = YES;
				CLANG_WARN_CONSTANT_CONVERSION = YES;
				CLANG_WARN_DEPRECATED_OBJC_IMPLEMENTATIONS = YES;
				CLANG_WARN_DIRECT_OBJC_ISA_USAGE = YES_ERROR;
				CLANG_WARN_DOCUMENTATION_COMMENTS = YES;
				CLANG_WARN_EMPTY_BODY = YES;
				CLANG_WARN_ENUM_CONVERSION = YES;
				CLANG_WARN_INFINITE_RECURSION = YES;
				CLANG_WARN_INT_CONVERSION = YES;
				CLANG_WARN_NON_LITERAL_NULL_CONVERSION = YES;
				CLANG_WARN_OBJC_IMPLICIT_RETAIN_SELF = YES;
				CLANG_WARN_OBJC_LITERAL_CONVERSION = YES;
				CLANG_WARN_OBJC_ROOT_CLASS = YES_ERROR;
				CLANG_WARN_QUOTED_INCLUDE_IN_FRAMEWORK_HEADER = YES;
				CLANG_WARN_RANGE_LOOP_ANALYSIS = YES;
				CLANG_WARN_STRICT_PROTOTYPES = YES;
				CLANG_WARN_SUSPICIOUS_MOVE = YES;
				CLANG_WARN_UNGUARDED_AVAILABILITY = YES_AGGRESSIVE;
				CLANG_WARN_UNREACHABLE_CODE = YES;
				CLANG_WARN__DUPLICATE_METHOD_MATCH = YES;
				COPY_PHASE_STRIP = NO;
				DEBUG_INFORMATION_FORMAT = "dwarf-with-dsym";
				ENABLE_NS_ASSERTIONS = NO;
				ENABLE_STRICT_OBJC_MSGSEND = YES;
				ENABLE_USER_SCRIPT_SANDBOXING = YES;
				GCC_C_LANGUAGE_STANDARD = gnu17;
				GCC_NO_COMMON_BLOCKS = YES;
				GCC_WARN_64_TO_32_BIT_CONVERSION = YES;
				GCC_WARN_ABOUT_RETURN_TYPE = YES_ERROR;
				GCC_WARN_UNDECLARED_SELECTOR = YES;
				GCC_WARN_UNINITIALIZED_AUTOS = YES_AGGRESSIVE;
				GCC_WARN_UNUSED_FUNCTION = YES;
				GCC_WARN_UNUSED_VARIABLE = YES;
				IPHONEOS_DEPLOYMENT_TARGET = 18.2;
				LOCALIZATION_PREFERS_STRING_CATALOGS = YES;
				MTL_ENABLE_DEBUG_INFO = NO;
				MTL_FAST_MATH = YES;
				SDKROOT = iphoneos;
				SWIFT_COMPILATION_MODE = wholemodule;
				VALIDATE_PRODUCT = YES;
			};
			name = Release;
		};
		B7AA01BE2DD0DD930060908C /* Debug */ = {
			isa = XCBuildConfiguration;
			buildSettings = {
				ASSETCATALOG_COMPILER_APPICON_NAME = AppIcon;
				ASSETCATALOG_COMPILER_GLOBAL_ACCENT_COLOR_NAME = AccentColor;
				CODE_SIGN_STYLE = Automatic;
				CURRENT_PROJECT_VERSION = 1;
				DEVELOPMENT_ASSET_PATHS = "";
				ENABLE_PREVIEWS = YES;
				GENERATE_INFOPLIST_FILE = YES;
				INFOPLIST_KEY_UIApplicationSceneManifest_Generation = YES;
				INFOPLIST_KEY_UIApplicationSupportsIndirectInputEvents = YES;
				INFOPLIST_KEY_UILaunchScreen_Generation = YES;
				INFOPLIST_KEY_UISupportedInterfaceOrientations_iPad = "UIInterfaceOrientationPortrait UIInterfaceOrientationPortraitUpsideDown UIInterfaceOrientationLandscapeLeft UIInterfaceOrientationLandscapeRight";
				INFOPLIST_KEY_UISupportedInterfaceOrientations_iPhone = "UIInterfaceOrientationPortrait UIInterfaceOrientationLandscapeLeft UIInterfaceOrientationLandscapeRight";
				IPHONEOS_DEPLOYMENT_TARGET = 15.6;
				LD_RUNPATH_SEARCH_PATHS = (
					"$(inherited)",
					"@executable_path/Frameworks",
				);
				MARKETING_VERSION = 1.0;
				PRODUCT_BUNDLE_IDENTIFIER = "com.yogeshbharate.RockTracks.Rock-Tracks";
				PRODUCT_NAME = "$(TARGET_NAME)";
				SWIFT_EMIT_LOC_STRINGS = YES;
				SWIFT_VERSION = 5.0;
				TARGETED_DEVICE_FAMILY = "1,2";
			};
			name = Debug;
		};
		B7AA01BF2DD0DD930060908C /* Release */ = {
			isa = XCBuildConfiguration;
			buildSettings = {
				ASSETCATALOG_COMPILER_APPICON_NAME = AppIcon;
				ASSETCATALOG_COMPILER_GLOBAL_ACCENT_COLOR_NAME = AccentColor;
				CODE_SIGN_STYLE = Automatic;
				CURRENT_PROJECT_VERSION = 1;
				DEVELOPMENT_ASSET_PATHS = "";
				ENABLE_PREVIEWS = YES;
				GENERATE_INFOPLIST_FILE = YES;
				INFOPLIST_KEY_UIApplicationSceneManifest_Generation = YES;
				INFOPLIST_KEY_UIApplicationSupportsIndirectInputEvents = YES;
				INFOPLIST_KEY_UILaunchScreen_Generation = YES;
				INFOPLIST_KEY_UISupportedInterfaceOrientations_iPad = "UIInterfaceOrientationPortrait UIInterfaceOrientationPortraitUpsideDown UIInterfaceOrientationLandscapeLeft UIInterfaceOrientationLandscapeRight";
				INFOPLIST_KEY_UISupportedInterfaceOrientations_iPhone = "UIInterfaceOrientationPortrait UIInterfaceOrientationLandscapeLeft UIInterfaceOrientationLandscapeRight";
				IPHONEOS_DEPLOYMENT_TARGET = 15.6;
				LD_RUNPATH_SEARCH_PATHS = (
					"$(inherited)",
					"@executable_path/Frameworks",
				);
				MARKETING_VERSION = 1.0;
				PRODUCT_BUNDLE_IDENTIFIER = "com.yogeshbharate.RockTracks.Rock-Tracks";
				PRODUCT_NAME = "$(TARGET_NAME)";
				SWIFT_EMIT_LOC_STRINGS = YES;
				SWIFT_VERSION = 5.0;
				TARGETED_DEVICE_FAMILY = "1,2";
			};
			name = Release;
		};
		B7AA01C12DD0DD930060908C /* Debug */ = {
			isa = XCBuildConfiguration;
			buildSettings = {
				BUNDLE_LOADER = "$(TEST_HOST)";
				CODE_SIGN_STYLE = Automatic;
				CURRENT_PROJECT_VERSION = 1;
				GENERATE_INFOPLIST_FILE = YES;
				IPHONEOS_DEPLOYMENT_TARGET = 18.2;
				MARKETING_VERSION = 1.0;
				PRODUCT_BUNDLE_IDENTIFIER = "com.yogeshbharate.RockTracks.Rock-TracksTests";
				PRODUCT_NAME = "$(TARGET_NAME)";
				SWIFT_EMIT_LOC_STRINGS = NO;
				SWIFT_VERSION = 5.0;
				TARGETED_DEVICE_FAMILY = "1,2";
				TEST_HOST = "$(BUILT_PRODUCTS_DIR)/Rock Tracks.app/$(BUNDLE_EXECUTABLE_FOLDER_PATH)/Rock Tracks";
			};
			name = Debug;
		};
		B7AA01C22DD0DD930060908C /* Release */ = {
			isa = XCBuildConfiguration;
			buildSettings = {
				BUNDLE_LOADER = "$(TEST_HOST)";
				CODE_SIGN_STYLE = Automatic;
				CURRENT_PROJECT_VERSION = 1;
				GENERATE_INFOPLIST_FILE = YES;
				IPHONEOS_DEPLOYMENT_TARGET = 18.2;
				MARKETING_VERSION = 1.0;
				PRODUCT_BUNDLE_IDENTIFIER = "com.yogeshbharate.RockTracks.Rock-TracksTests";
				PRODUCT_NAME = "$(TARGET_NAME)";
				SWIFT_EMIT_LOC_STRINGS = NO;
				SWIFT_VERSION = 5.0;
				TARGETED_DEVICE_FAMILY = "1,2";
				TEST_HOST = "$(BUILT_PRODUCTS_DIR)/Rock Tracks.app/$(BUNDLE_EXECUTABLE_FOLDER_PATH)/Rock Tracks";
			};
			name = Release;
		};
		B7AA01C42DD0DD930060908C /* Debug */ = {
			isa = XCBuildConfiguration;
			buildSettings = {
				CODE_SIGN_STYLE = Automatic;
				CURRENT_PROJECT_VERSION = 1;
				GENERATE_INFOPLIST_FILE = YES;
				MARKETING_VERSION = 1.0;
				PRODUCT_BUNDLE_IDENTIFIER = "com.yogeshbharate.RockTracks.Rock-TracksUITests";
				PRODUCT_NAME = "$(TARGET_NAME)";
				SWIFT_EMIT_LOC_STRINGS = NO;
				SWIFT_VERSION = 5.0;
				TARGETED_DEVICE_FAMILY = "1,2";
				TEST_TARGET_NAME = "Rock Tracks";
			};
			name = Debug;
		};
		B7AA01C52DD0DD930060908C /* Release */ = {
			isa = XCBuildConfiguration;
			buildSettings = {
				CODE_SIGN_STYLE = Automatic;
				CURRENT_PROJECT_VERSION = 1;
				GENERATE_INFOPLIST_FILE = YES;
				MARKETING_VERSION = 1.0;
				PRODUCT_BUNDLE_IDENTIFIER = "com.yogeshbharate.RockTracks.Rock-TracksUITests";
				PRODUCT_NAME = "$(TARGET_NAME)";
				SWIFT_EMIT_LOC_STRINGS = NO;
				SWIFT_VERSION = 5.0;
				TARGETED_DEVICE_FAMILY = "1,2";
				TEST_TARGET_NAME = "Rock Tracks";
			};
			name = Release;
		};
/* End XCBuildConfiguration section */

/* Begin XCConfigurationList section */
		B7AA01942DD0DD910060908C /* Build configuration list for PBXProject "Rock Tracks" */ = {
			isa = XCConfigurationList;
			buildConfigurations = (
				B7AA01BB2DD0DD930060908C /* Debug */,
				B7AA01BC2DD0DD930060908C /* Release */,
			);
			defaultConfigurationIsVisible = 0;
			defaultConfigurationName = Release;
		};
		B7AA01BD2DD0DD930060908C /* Build configuration list for PBXNativeTarget "Rock Tracks" */ = {
			isa = XCConfigurationList;
			buildConfigurations = (
				B7AA01BE2DD0DD930060908C /* Debug */,
				B7AA01BF2DD0DD930060908C /* Release */,
			);
			defaultConfigurationIsVisible = 0;
			defaultConfigurationName = Release;
		};
		B7AA01C02DD0DD930060908C /* Build configuration list for PBXNativeTarget "Rock TracksTests" */ = {
			isa = XCConfigurationList;
			buildConfigurations = (
				B7AA01C12DD0DD930060908C /* Debug */,
				B7AA01C22DD0DD930060908C /* Release */,
			);
			defaultConfigurationIsVisible = 0;
			defaultConfigurationName = Release;
		};
		B7AA01C32DD0DD930060908C /* Build configuration list for PBXNativeTarget "Rock TracksUITests" */ = {
			isa = XCConfigurationList;
			buildConfigurations = (
				B7AA01C42DD0DD930060908C /* Debug */,
				B7AA01C52DD0DD930060908C /* Release */,
			);
			defaultConfigurationIsVisible = 0;
			defaultConfigurationName = Release;
		};
/* End XCConfigurationList section */
	};
	rootObject = B7AA01912DD0DD910060908C /* Project object */;
}
